
Microsoft Visual Studio Solution File, Format Version 12.00
# Visual Studio Version 17
VisualStudioVersion = 17.9.34728.123
MinimumVisualStudioVersion = 10.0.40219.1
Project("{FAE04EC0-301F-11D3-BF4B-00C04F79EFBC}") = "Yago", "Yago\Yago.csproj", "{A469F7C3-1EA9-4CED-B989-980117F5B44E}"
EndProject
Global
	GlobalSection(SolutionConfigurationPlatforms) = preSolution
		Debug|Any CPU = Debug|Any CPU
		Release|Any CPU = Release|Any CPU
	EndGlobalSection
	GlobalSection(ProjectConfigurationPlatforms) = postSolution
		{A469F7C3-1EA9-4CED-B989-980117F5B44E}.Debug|Any CPU.ActiveCfg = Debug|Any CPU
		{A469F7C3-1EA9-4CED-B989-980117F5B44E}.Debug|Any CPU.Build.0 = Debug|Any CPU
		{A469F7C3-1EA9-4CED-B989-980117F5B44E}.Release|Any CPU.ActiveCfg = Release|Any CPU
		{A469F7C3-1EA9-4CED-B989-980117F5B44E}.Release|Any CPU.Build.0 = Release|Any CPU
	EndGlobalSection
	GlobalSection(SolutionProperties) = preSolution
		HideSolutionNode = FALSE
	EndGlobalSection
	GlobalSection(ExtensibilityGlobals) = postSolution
		SolutionGuid = {DA3159BB-1FE3-4FAC-AD24-19CA810C2A7B}
	EndGlobalSection
EndGlobal
